{
  "requires": true,
  "lockfileVersion": 1,
  "dependencies": {
    "simpleai": {
      "version": "1.0.2",
      "resolved": "https://registry.npmjs.org/simpleai/-/simpleai-1.0.2.tgz",
      "integrity": "sha512-9CdZRFsYeeaBTUJX5QKpjOAUggRDYwvHKA6Ju7MTS848YkLIdnIrC4mXPZGuAURjQTppO7LXPR39iJO+6LdcJg=="
    }
  }
}
